
Microsoft Visual Studio Solution File, Format Version 12.00
# Visual Studio Version 17
VisualStudioVersion = 17.8.34525.116
MinimumVisualStudioVersion = 10.0.40219.1
Project("{FAE04EC0-301F-11D3-BF4B-00C04F79EFBC}") = "MaskTrackingApp", "MaskTrackingApp\MaskTrackingApp.csproj", "{8FB52108-F507-4338-8B90-E309B0D15079}"
EndProject
Project("{FAE04EC0-301F-11D3-BF4B-00C04F79EFBC}") = "Entities", "Entities\Entities.csproj", "{ECB65804-FD9E-41D9-8A61-1C3B05DB398D}"
EndProject
Project("{FAE04EC0-301F-11D3-BF4B-00C04F79EFBC}") = "Business", "Business\Business.csproj", "{530FBBAB-50F4-417D-B83B-69844F756846}"
EndProject
Global
	GlobalSection(SolutionConfigurationPlatforms) = preSolution
		Debug|Any CPU = Debug|Any CPU
		Release|Any CPU = Release|Any CPU
	EndGlobalSection
	GlobalSection(ProjectConfigurationPlatforms) = postSolution
		{8FB52108-F507-4338-8B90-E309B0D15079}.Debug|Any CPU.ActiveCfg = Debug|Any CPU
		{8FB52108-F507-4338-8B90-E309B0D15079}.Debug|Any CPU.Build.0 = Debug|Any CPU
		{8FB52108-F507-4338-8B90-E309B0D15079}.Release|Any CPU.ActiveCfg = Release|Any CPU
		{8FB52108-F507-4338-8B90-E309B0D15079}.Release|Any CPU.Build.0 = Release|Any CPU
		{ECB65804-FD9E-41D9-8A61-1C3B05DB398D}.Debug|Any CPU.ActiveCfg = Debug|Any CPU
		{ECB65804-FD9E-41D9-8A61-1C3B05DB398D}.Debug|Any CPU.Build.0 = Debug|Any CPU
		{ECB65804-FD9E-41D9-8A61-1C3B05DB398D}.Release|Any CPU.ActiveCfg = Release|Any CPU
		{ECB65804-FD9E-41D9-8A61-1C3B05DB398D}.Release|Any CPU.Build.0 = Release|Any CPU
		{530FBBAB-50F4-417D-B83B-69844F756846}.Debug|Any CPU.ActiveCfg = Debug|Any CPU
		{530FBBAB-50F4-417D-B83B-69844F756846}.Debug|Any CPU.Build.0 = Debug|Any CPU
		{530FBBAB-50F4-417D-B83B-69844F756846}.Release|Any CPU.ActiveCfg = Release|Any CPU
		{530FBBAB-50F4-417D-B83B-69844F756846}.Release|Any CPU.Build.0 = Release|Any CPU
	EndGlobalSection
	GlobalSection(SolutionProperties) = preSolution
		HideSolutionNode = FALSE
	EndGlobalSection
	GlobalSection(ExtensibilityGlobals) = postSolution
		SolutionGuid = {69022261-E903-45D7-AD0A-38195A2AFD8D}
	EndGlobalSection
EndGlobal
